
Microsoft Visual Studio Solution File, Format Version 12.00
# Visual Studio 2012
Project("{FAE04EC0-301F-11D3-BF4B-00C04F79EFBC}") = "MobilePhone.Library", "MobilePhone.Library\MobilePhone.Library.csproj", "{87608B28-52FB-41C5-9EAC-E23BA10FE963}"
EndProject
Project("{FAE04EC0-301F-11D3-BF4B-00C04F79EFBC}") = "GSMTest", "GSMTest\GSMTest.csproj", "{21110835-8A61-4A4B-AE6F-3EA62CEC9997}"
EndProject
Project("{FAE04EC0-301F-11D3-BF4B-00C04F79EFBC}") = "GSMCallHistoryTest", "GSMCallHistoryTest\GSMCallHistoryTest.csproj", "{1E957B2A-ECF3-47BC-9E52-970D1789B6FA}"
EndProject
Global
	GlobalSection(SolutionConfigurationPlatforms) = preSolution
		Debug|Any CPU = Debug|Any CPU
		Release|Any CPU = Release|Any CPU
	EndGlobalSection
	GlobalSection(ProjectConfigurationPlatforms) = postSolution
		{87608B28-52FB-41C5-9EAC-E23BA10FE963}.Debug|Any CPU.ActiveCfg = Debug|Any CPU
		{87608B28-52FB-41C5-9EAC-E23BA10FE963}.Debug|Any CPU.Build.0 = Debug|Any CPU
		{87608B28-52FB-41C5-9EAC-E23BA10FE963}.Release|Any CPU.ActiveCfg = Release|Any CPU
		{87608B28-52FB-41C5-9EAC-E23BA10FE963}.Release|Any CPU.Build.0 = Release|Any CPU
		{21110835-8A61-4A4B-AE6F-3EA62CEC9997}.Debug|Any CPU.ActiveCfg = Debug|Any CPU
		{21110835-8A61-4A4B-AE6F-3EA62CEC9997}.Debug|Any CPU.Build.0 = Debug|Any CPU
		{21110835-8A61-4A4B-AE6F-3EA62CEC9997}.Release|Any CPU.ActiveCfg = Release|Any CPU
		{21110835-8A61-4A4B-AE6F-3EA62CEC9997}.Release|Any CPU.Build.0 = Release|Any CPU
		{1E957B2A-ECF3-47BC-9E52-970D1789B6FA}.Debug|Any CPU.ActiveCfg = Debug|Any CPU
		{1E957B2A-ECF3-47BC-9E52-970D1789B6FA}.Debug|Any CPU.Build.0 = Debug|Any CPU
		{1E957B2A-ECF3-47BC-9E52-970D1789B6FA}.Release|Any CPU.ActiveCfg = Release|Any CPU
		{1E957B2A-ECF3-47BC-9E52-970D1789B6FA}.Release|Any CPU.Build.0 = Release|Any CPU
	EndGlobalSection
	GlobalSection(SolutionProperties) = preSolution
		HideSolutionNode = FALSE
	EndGlobalSection
EndGlobal
