
Microsoft Visual Studio Solution File, Format Version 12.00
# Visual Studio 2012
Project("{FAE04EC0-301F-11D3-BF4B-00C04F79EFBC}") = "03. InsertLineNumbers", "InsertLineNumbers\03. InsertLineNumbers.csproj", "{FE90E21E-D036-4492-AB10-FBACC9F73EF2}"
EndProject
Global
	GlobalSection(SolutionConfigurationPlatforms) = preSolution
		Debug|Any CPU = Debug|Any CPU
		Release|Any CPU = Release|Any CPU
	EndGlobalSection
	GlobalSection(ProjectConfigurationPlatforms) = postSolution
		{FE90E21E-D036-4492-AB10-FBACC9F73EF2}.Debug|Any CPU.ActiveCfg = Debug|Any CPU
		{FE90E21E-D036-4492-AB10-FBACC9F73EF2}.Debug|Any CPU.Build.0 = Debug|Any CPU
		{FE90E21E-D036-4492-AB10-FBACC9F73EF2}.Release|Any CPU.ActiveCfg = Release|Any CPU
		{FE90E21E-D036-4492-AB10-FBACC9F73EF2}.Release|Any CPU.Build.0 = Release|Any CPU
	EndGlobalSection
	GlobalSection(SolutionProperties) = preSolution
		HideSolutionNode = FALSE
	EndGlobalSection
EndGlobal
