
Microsoft Visual Studio Solution File, Format Version 12.00
# Visual Studio 2012
Project("{FAE04EC0-301F-11D3-BF4B-00C04F79EFBC}") = "1. StringBuilderSubString", "StringBuilderSubString\1. StringBuilderSubString.csproj", "{00BD6DF2-5144-454E-AC71-CA88319C8DAE}"
EndProject
Project("{FAE04EC0-301F-11D3-BF4B-00C04F79EFBC}") = "2. IEnumerableExtensions", "IEnumerableExtensions\2. IEnumerableExtensions.csproj", "{69269E9C-F1C3-4EC4-8D72-5352F4BCA1DF}"
EndProject
Project("{FAE04EC0-301F-11D3-BF4B-00C04F79EFBC}") = "StudentClass", "StudentClass\StudentClass.csproj", "{D2F14620-158D-4E12-A8ED-2F1108D2BB51}"
EndProject
Project("{FAE04EC0-301F-11D3-BF4B-00C04F79EFBC}") = "3. FindStudent", "FindStudent\3. FindStudent.csproj", "{7C8403B8-E1FA-4485-A739-75A57B22F829}"
EndProject
Project("{FAE04EC0-301F-11D3-BF4B-00C04F79EFBC}") = "4. StudentsWithSpecificAge", "StudentsWithSpecificAge\4. StudentsWithSpecificAge.csproj", "{F2D0B6DD-BB44-4FF9-BE1F-2539DCD102BB}"
EndProject
Project("{FAE04EC0-301F-11D3-BF4B-00C04F79EFBC}") = "5. SortStudentsByAge", "SortStudentsByAge\5. SortStudentsByAge.csproj", "{3E3585AE-D5AA-4EC3-8854-83461B0CEC0F}"
EndProject
Project("{FAE04EC0-301F-11D3-BF4B-00C04F79EFBC}") = "6. NumbersDivisibleBy7and3", "NumbersDivisibleBy7and3\6. NumbersDivisibleBy7and3.csproj", "{1F049EEB-A393-4127-A259-0B896E6FE6C1}"
EndProject
Global
	GlobalSection(SolutionConfigurationPlatforms) = preSolution
		Debug|Any CPU = Debug|Any CPU
		Release|Any CPU = Release|Any CPU
	EndGlobalSection
	GlobalSection(ProjectConfigurationPlatforms) = postSolution
		{00BD6DF2-5144-454E-AC71-CA88319C8DAE}.Debug|Any CPU.ActiveCfg = Debug|Any CPU
		{00BD6DF2-5144-454E-AC71-CA88319C8DAE}.Debug|Any CPU.Build.0 = Debug|Any CPU
		{00BD6DF2-5144-454E-AC71-CA88319C8DAE}.Release|Any CPU.ActiveCfg = Release|Any CPU
		{00BD6DF2-5144-454E-AC71-CA88319C8DAE}.Release|Any CPU.Build.0 = Release|Any CPU
		{69269E9C-F1C3-4EC4-8D72-5352F4BCA1DF}.Debug|Any CPU.ActiveCfg = Debug|Any CPU
		{69269E9C-F1C3-4EC4-8D72-5352F4BCA1DF}.Debug|Any CPU.Build.0 = Debug|Any CPU
		{69269E9C-F1C3-4EC4-8D72-5352F4BCA1DF}.Release|Any CPU.ActiveCfg = Release|Any CPU
		{69269E9C-F1C3-4EC4-8D72-5352F4BCA1DF}.Release|Any CPU.Build.0 = Release|Any CPU
		{D2F14620-158D-4E12-A8ED-2F1108D2BB51}.Debug|Any CPU.ActiveCfg = Debug|Any CPU
		{D2F14620-158D-4E12-A8ED-2F1108D2BB51}.Debug|Any CPU.Build.0 = Debug|Any CPU
		{D2F14620-158D-4E12-A8ED-2F1108D2BB51}.Release|Any CPU.ActiveCfg = Release|Any CPU
		{D2F14620-158D-4E12-A8ED-2F1108D2BB51}.Release|Any CPU.Build.0 = Release|Any CPU
		{7C8403B8-E1FA-4485-A739-75A57B22F829}.Debug|Any CPU.ActiveCfg = Debug|Any CPU
		{7C8403B8-E1FA-4485-A739-75A57B22F829}.Debug|Any CPU.Build.0 = Debug|Any CPU
		{7C8403B8-E1FA-4485-A739-75A57B22F829}.Release|Any CPU.ActiveCfg = Release|Any CPU
		{7C8403B8-E1FA-4485-A739-75A57B22F829}.Release|Any CPU.Build.0 = Release|Any CPU
		{F2D0B6DD-BB44-4FF9-BE1F-2539DCD102BB}.Debug|Any CPU.ActiveCfg = Debug|Any CPU
		{F2D0B6DD-BB44-4FF9-BE1F-2539DCD102BB}.Debug|Any CPU.Build.0 = Debug|Any CPU
		{F2D0B6DD-BB44-4FF9-BE1F-2539DCD102BB}.Release|Any CPU.ActiveCfg = Release|Any CPU
		{F2D0B6DD-BB44-4FF9-BE1F-2539DCD102BB}.Release|Any CPU.Build.0 = Release|Any CPU
		{3E3585AE-D5AA-4EC3-8854-83461B0CEC0F}.Debug|Any CPU.ActiveCfg = Debug|Any CPU
		{3E3585AE-D5AA-4EC3-8854-83461B0CEC0F}.Debug|Any CPU.Build.0 = Debug|Any CPU
		{3E3585AE-D5AA-4EC3-8854-83461B0CEC0F}.Release|Any CPU.ActiveCfg = Release|Any CPU
		{3E3585AE-D5AA-4EC3-8854-83461B0CEC0F}.Release|Any CPU.Build.0 = Release|Any CPU
		{1F049EEB-A393-4127-A259-0B896E6FE6C1}.Debug|Any CPU.ActiveCfg = Debug|Any CPU
		{1F049EEB-A393-4127-A259-0B896E6FE6C1}.Debug|Any CPU.Build.0 = Debug|Any CPU
		{1F049EEB-A393-4127-A259-0B896E6FE6C1}.Release|Any CPU.ActiveCfg = Release|Any CPU
		{1F049EEB-A393-4127-A259-0B896E6FE6C1}.Release|Any CPU.Build.0 = Release|Any CPU
	EndGlobalSection
	GlobalSection(SolutionProperties) = preSolution
		HideSolutionNode = FALSE
	EndGlobalSection
EndGlobal
